
Microsoft Visual Studio Solution File, Format Version 12.00
# Visual Studio Version 17
VisualStudioVersion = 17.14.37203.1
MinimumVisualStudioVersion = 10.0.40219.1
Project("{FAE04EC0-301F-11D3-BF4B-00C04F79EFBC}") = "Skyguard", "Skyguard\Skyguard.csproj", "{DDE0CA06-74E7-43D1-8E72-0337CE80037B}"
EndProject
Project("{FAE04EC0-301F-11D3-BF4B-00C04F79EFBC}") = "SkyguardApp", "SkyguardApp\SkyguardApp.csproj", "{5B8368F0-C79A-4667-BD56-530E1554D9E7}"
EndProject
Global
	GlobalSection(SolutionConfigurationPlatforms) = preSolution
		Debug|Any CPU = Debug|Any CPU
		Release|Any CPU = Release|Any CPU
	EndGlobalSection
	GlobalSection(ProjectConfigurationPlatforms) = postSolution
		{DDE0CA06-74E7-43D1-8E72-0337CE80037B}.Debug|Any CPU.ActiveCfg = Debug|Any CPU
		{DDE0CA06-74E7-43D1-8E72-0337CE80037B}.Debug|Any CPU.Build.0 = Debug|Any CPU
		{DDE0CA06-74E7-43D1-8E72-0337CE80037B}.Release|Any CPU.ActiveCfg = Release|Any CPU
		{DDE0CA06-74E7-43D1-8E72-0337CE80037B}.Release|Any CPU.Build.0 = Release|Any CPU
		{5B8368F0-C79A-4667-BD56-530E1554D9E7}.Debug|Any CPU.ActiveCfg = Debug|Any CPU
		{5B8368F0-C79A-4667-BD56-530E1554D9E7}.Debug|Any CPU.Build.0 = Debug|Any CPU
		{5B8368F0-C79A-4667-BD56-530E1554D9E7}.Release|Any CPU.ActiveCfg = Release|Any CPU
		{5B8368F0-C79A-4667-BD56-530E1554D9E7}.Release|Any CPU.Build.0 = Release|Any CPU
	EndGlobalSection
	GlobalSection(SolutionProperties) = preSolution
		HideSolutionNode = FALSE
	EndGlobalSection
	GlobalSection(ExtensibilityGlobals) = postSolution
		SolutionGuid = {8B0803F9-4314-4055-92AA-D15C59537B21}
	EndGlobalSection
EndGlobal
